# This file is automatically @generated by Cargo.
# It is not intended for manual editing.
version = 4

[[package]]
name = "trovr"
version = "0.1.0"

[[package]]
name = "trovr-api"
version = "0.1.0"

[[package]]
name = "trovr-auth"
version = "0.1.0"

[[package]]
name = "trovr-config"
version = "0.1.0"

[[package]]
name = "trovr-metadata"
version = "0.1.0"

[[package]]
name = "trovr-storage"
version = "0.1.0"
